
Microsoft Visual Studio Solution File, Format Version 12.00
# Visual Studio Version 16
VisualStudioVersion = 16.0.30320.27
MinimumVisualStudioVersion = 10.0.40219.1
Project("{FAE04EC0-301F-11D3-BF4B-00C04F79EFBC}") = "EjemploNo8", "EjemploNo8\EjemploNo8.csproj", "{C0AB7535-D83A-4EF3-AD91-9D055BED75B7}"
EndProject
Project("{FAE04EC0-301F-11D3-BF4B-00C04F79EFBC}") = "EjemploTarea8Class", "EjemploTarea8Class\EjemploTarea8Class.csproj", "{9F1D1668-9C0A-49D8-A976-FBBD2DC268B2}"
EndProject
Global
	GlobalSection(SolutionConfigurationPlatforms) = preSolution
		Debug|Any CPU = Debug|Any CPU
		Release|Any CPU = Release|Any CPU
	EndGlobalSection
	GlobalSection(ProjectConfigurationPlatforms) = postSolution
		{C0AB7535-D83A-4EF3-AD91-9D055BED75B7}.Debug|Any CPU.ActiveCfg = Debug|Any CPU
		{C0AB7535-D83A-4EF3-AD91-9D055BED75B7}.Debug|Any CPU.Build.0 = Debug|Any CPU
		{C0AB7535-D83A-4EF3-AD91-9D055BED75B7}.Release|Any CPU.ActiveCfg = Release|Any CPU
		{C0AB7535-D83A-4EF3-AD91-9D055BED75B7}.Release|Any CPU.Build.0 = Release|Any CPU
		{9F1D1668-9C0A-49D8-A976-FBBD2DC268B2}.Debug|Any CPU.ActiveCfg = Debug|Any CPU
		{9F1D1668-9C0A-49D8-A976-FBBD2DC268B2}.Debug|Any CPU.Build.0 = Debug|Any CPU
		{9F1D1668-9C0A-49D8-A976-FBBD2DC268B2}.Release|Any CPU.ActiveCfg = Release|Any CPU
		{9F1D1668-9C0A-49D8-A976-FBBD2DC268B2}.Release|Any CPU.Build.0 = Release|Any CPU
	EndGlobalSection
	GlobalSection(SolutionProperties) = preSolution
		HideSolutionNode = FALSE
	EndGlobalSection
	GlobalSection(ExtensibilityGlobals) = postSolution
		SolutionGuid = {FB2B4570-AA5A-4DD4-8332-87A021A65B07}
	EndGlobalSection
EndGlobal
